
Microsoft Visual Studio Solution File, Format Version 12.00
# Visual Studio 15
VisualStudioVersion = 15.0.27130.2027
MinimumVisualStudioVersion = 10.0.40219.1
Project("{FAE04EC0-301F-11D3-BF4B-00C04F79EFBC}") = "MySongbook", "MySongbook\MySongbook.csproj", "{03CA53B2-7487-4856-8D02-23928C9F6BFB}"
EndProject
Global
	GlobalSection(SolutionConfigurationPlatforms) = preSolution
		Debug|Any CPU = Debug|Any CPU
		Release|Any CPU = Release|Any CPU
	EndGlobalSection
	GlobalSection(ProjectConfigurationPlatforms) = postSolution
		{03CA53B2-7487-4856-8D02-23928C9F6BFB}.Debug|Any CPU.ActiveCfg = Debug|Any CPU
		{03CA53B2-7487-4856-8D02-23928C9F6BFB}.Debug|Any CPU.Build.0 = Debug|Any CPU
		{03CA53B2-7487-4856-8D02-23928C9F6BFB}.Release|Any CPU.ActiveCfg = Release|Any CPU
		{03CA53B2-7487-4856-8D02-23928C9F6BFB}.Release|Any CPU.Build.0 = Release|Any CPU
	EndGlobalSection
	GlobalSection(SolutionProperties) = preSolution
		HideSolutionNode = FALSE
	EndGlobalSection
	GlobalSection(ExtensibilityGlobals) = postSolution
		SolutionGuid = {81BCBD2E-61DD-473E-9149-D8F127A5B22A}
	EndGlobalSection
EndGlobal
